// !$*UTF8*$!
{
	archiveVersion = 1;
	classes = {
	};
	objectVersion = 50;
	objects = {

/* Begin PBXBuildFile section */
		5544D9882416DBE4004EC0BE /* AppDelegate.swift in Sources */ = {isa = PBXBuildFile; fileRef = 5544D9872416DBE4004EC0BE /* AppDelegate.swift */; };
		5544D98A2416DBE4004EC0BE /* SceneDelegate.swift in Sources */ = {isa = PBXBuildFile; fileRef = 5544D9892416DBE4004EC0BE /* SceneDelegate.swift */; };
		5544D98C2416DBE4004EC0BE /* ViewController.swift in Sources */ = {isa = PBXBuildFile; fileRef = 5544D98B2416DBE4004EC0BE /* ViewController.swift */; };
		5544D98F2416DBE4004EC0BE /* Main.storyboard in Resources */ = {isa = PBXBuildFile; fileRef = 5544D98D2416DBE4004EC0BE /* Main.storyboard */; };
		5544D9912416DBEF004EC0BE /* Assets.xcassets in Resources */ = {isa = PBXBuildFile; fileRef = 5544D9902416DBEF004EC0BE /* Assets.xcassets */; };
		5544D9942416DBEF004EC0BE /* LaunchScreen.storyboard in Resources */ = {isa = PBXBuildFile; fileRef = 5544D9922416DBEF004EC0BE /* LaunchScreen.storyboard */; };
		5544D99C2416DDFE004EC0BE /* AlbumsTableViewController.swift in Sources */ = {isa = PBXBuildFile; fileRef = 5544D99B2416DDFE004EC0BE /* AlbumsTableViewController.swift */; };
		5544D99E2416E0D4004EC0BE /* AlbumDetailTableViewController.swift in Sources */ = {isa = PBXBuildFile; fileRef = 5544D99D2416E0D4004EC0BE /* AlbumDetailTableViewController.swift */; };
		5544D9A02416E24F004EC0BE /* SongTableViewCell.swift in Sources */ = {isa = PBXBuildFile; fileRef = 5544D99F2416E24F004EC0BE /* SongTableViewCell.swift */; };
		5544D9A22416E2FE004EC0BE /* Album.swift in Sources */ = {isa = PBXBuildFile; fileRef = 5544D9A12416E2FE004EC0BE /* Album.swift */; };
/* End PBXBuildFile section */

/* Begin PBXFileReference section */
		5544D9842416DBE4004EC0BE /* Albums.app */ = {isa = PBXFileReference; explicitFileType = wrapper.application; includeInIndex = 0; path = Albums.app; sourceTree = BUILT_PRODUCTS_DIR; };
		5544D9872416DBE4004EC0BE /* AppDelegate.swift */ = {isa = PBXFileReference; lastKnownFileType = sourcecode.swift; path = AppDelegate.swift; sourceTree = "<group>"; };
		5544D9892416DBE4004EC0BE /* SceneDelegate.swift */ = {isa = PBXFileReference; lastKnownFileType = sourcecode.swift; path = SceneDelegate.swift; sourceTree = "<group>"; };
		5544D98B2416DBE4004EC0BE /* ViewController.swift */ = {isa = PBXFileReference; lastKnownFileType = sourcecode.swift; path = ViewController.swift; sourceTree = "<group>"; };
		5544D98E2416DBE4004EC0BE /* Base */ = {isa = PBXFileReference; lastKnownFileType = file.storyboard; name = Base; path = Base.lproj/Main.storyboard; sourceTree = "<group>"; };
		5544D9902416DBEF004EC0BE /* Assets.xcassets */ = {isa = PBXFileReference; lastKnownFileType = folder.assetcatalog; path = Assets.xcassets; sourceTree = "<group>"; };
		5544D9932416DBEF004EC0BE /* Base */ = {isa = PBXFileReference; lastKnownFileType = file.storyboard; name = Base; path = Base.lproj/LaunchScreen.storyboard; sourceTree = "<group>"; };
		5544D9952416DBEF004EC0BE /* Info.plist */ = {isa = PBXFileReference; lastKnownFileType = text.plist.xml; path = Info.plist; sourceTree = "<group>"; };
		5544D99B2416DDFE004EC0BE /* AlbumsTableViewController.swift */ = {isa = PBXFileReference; lastKnownFileType = sourcecode.swift; path = AlbumsTableViewController.swift; sourceTree = "<group>"; };
		5544D99D2416E0D4004EC0BE /* AlbumDetailTableViewController.swift */ = {isa = PBXFileReference; lastKnownFileType = sourcecode.swift; path = AlbumDetailTableViewController.swift; sourceTree = "<group>"; };
		5544D99F2416E24F004EC0BE /* SongTableViewCell.swift */ = {isa = PBXFileReference; lastKnownFileType = sourcecode.swift; path = SongTableViewCell.swift; sourceTree = "<group>"; };
		5544D9A12416E2FE004EC0BE /* Album.swift */ = {isa = PBXFileReference; lastKnownFileType = sourcecode.swift; path = Album.swift; sourceTree = "<group>"; };
/* End PBXFileReference section */

/* Begin PBXFrameworksBuildPhase section */
		5544D9812416DBE4004EC0BE /* Frameworks */ = {
			isa = PBXFrameworksBuildPhase;
			buildActionMask = 2147483647;
			files = (
			);
			runOnlyForDeploymentPostprocessing = 0;
		};
/* End PBXFrameworksBuildPhase section */

/* Begin PBXGroup section */
		5544D97B2416DBE4004EC0BE = {
			isa = PBXGroup;
			children = (
				5544D9862416DBE4004EC0BE /* Albums */,
				5544D9852416DBE4004EC0BE /* Products */,
			);
			sourceTree = "<group>";
		};
		5544D9852416DBE4004EC0BE /* Products */ = {
			isa = PBXGroup;
			children = (
				5544D9842416DBE4004EC0BE /* Albums.app */,
			);
			name = Products;
			sourceTree = "<group>";
		};
		5544D9862416DBE4004EC0BE /* Albums */ = {
			isa = PBXGroup;
			children = (
				5544D9872416DBE4004EC0BE /* AppDelegate.swift */,
				5544D9892416DBE4004EC0BE /* SceneDelegate.swift */,
				5544D98B2416DBE4004EC0BE /* ViewController.swift */,
				5544D98D2416DBE4004EC0BE /* Main.storyboard */,
				5544D9A12416E2FE004EC0BE /* Album.swift */,
				5544D99D2416E0D4004EC0BE /* AlbumDetailTableViewController.swift */,
				5544D99F2416E24F004EC0BE /* SongTableViewCell.swift */,
				5544D99B2416DDFE004EC0BE /* AlbumsTableViewController.swift */,
				5544D9902416DBEF004EC0BE /* Assets.xcassets */,
				5544D9922416DBEF004EC0BE /* LaunchScreen.storyboard */,
				5544D9952416DBEF004EC0BE /* Info.plist */,
			);
			path = Albums;
			sourceTree = "<group>";
		};
/* End PBXGroup section */

/* Begin PBXNativeTarget section */
		5544D9832416DBE4004EC0BE /* Albums */ = {
			isa = PBXNativeTarget;
			buildConfigurationList = 5544D9982416DBEF004EC0BE /* Build configuration list for PBXNativeTarget "Albums" */;
			buildPhases = (
				5544D9802416DBE4004EC0BE /* Sources */,
				5544D9812416DBE4004EC0BE /* Frameworks */,
				5544D9822416DBE4004EC0BE /* Resources */,
			);
			buildRules = (
			);
			dependencies = (
			);
			name = Albums;
			productName = Albums;
			productReference = 5544D9842416DBE4004EC0BE /* Albums.app */;
			productType = "com.apple.product-type.application";
		};
/* End PBXNativeTarget section */

/* Begin PBXProject section */
		5544D97C2416DBE4004EC0BE /* Project object */ = {
			isa = PBXProject;
			attributes = {
				LastSwiftUpdateCheck = 1130;
				LastUpgradeCheck = 1130;
				ORGANIZATIONNAME = "Keri Levesque";
				TargetAttributes = {
					5544D9832416DBE4004EC0BE = {
						CreatedOnToolsVersion = 11.3.1;
					};
				};
			};
			buildConfigurationList = 5544D97F2416DBE4004EC0BE /* Build configuration list for PBXProject "Albums" */;
			compatibilityVersion = "Xcode 9.3";
			developmentRegion = en;
			hasScannedForEncodings = 0;
			knownRegions = (
				en,
				Base,
			);
			mainGroup = 5544D97B2416DBE4004EC0BE;
			productRefGroup = 5544D9852416DBE4004EC0BE /* Products */;
			projectDirPath = "";
			projectRoot = "";
			targets = (
				5544D9832416DBE4004EC0BE /* Albums */,
			);
		};
/* End PBXProject section */

/* Begin PBXResourcesBuildPhase section */
		5544D9822416DBE4004EC0BE /* Resources */ = {
			isa = PBXResourcesBuildPhase;
			buildActionMask = 2147483647;
			files = (
				5544D9942416DBEF004EC0BE /* LaunchScreen.storyboard in Resources */,
				5544D9912416DBEF004EC0BE /* Assets.xcassets in Resources */,
				5544D98F2416DBE4004EC0BE /* Main.storyboard in Resources */,
			);
			runOnlyForDeploymentPostprocessing = 0;
		};
/* End PBXResourcesBuildPhase section */

/* Begin PBXSourcesBuildPhase section */
		5544D9802416DBE4004EC0BE /* Sources */ = {
			isa = PBXSourcesBuildPhase;
			buildActionMask = 2147483647;
			files = (
				5544D9A02416E24F004EC0BE /* SongTableViewCell.swift in Sources */,
				5544D98C2416DBE4004EC0BE /* ViewController.swift in Sources */,
				5544D99C2416DDFE004EC0BE /* AlbumsTableViewController.swift in Sources */,
				5544D99E2416E0D4004EC0BE /* AlbumDetailTableViewController.swift in Sources */,
				5544D9882416DBE4004EC0BE /* AppDelegate.swift in Sources */,
				5544D9A22416E2FE004EC0BE /* Album.swift in Sources */,
				5544D98A2416DBE4004EC0BE /* SceneDelegate.swift in Sources */,
			);
			runOnlyForDeploymentPostprocessing = 0;
		};
/* End PBXSourcesBuildPhase section */

/* Begin PBXVariantGroup section */
		5544D98D2416DBE4004EC0BE /* Main.storyboard */ = {
			isa = PBXVariantGroup;
			children = (
				5544D98E2416DBE4004EC0BE /* Base */,
			);
			name = Main.storyboard;
			sourceTree = "<group>";
		};
		5544D9922416DBEF004EC0BE /* LaunchScreen.storyboard */ = {
			isa = PBXVariantGroup;
			children = (
				5544D9932416DBEF004EC0BE /* Base */,
			);
			name = LaunchScreen.storyboard;
			sourceTree = "<group>";
		};
/* End PBXVariantGroup section */

/* Begin XCBuildConfiguration section */
		5544D9962416DBEF004EC0BE /* Debug */ = {
			isa = XCBuildConfiguration;
			buildSettings = {
				ALWAYS_SEARCH_USER_PATHS = NO;
				CLANG_ANALYZER_NONNULL = YES;
				CLANG_ANALYZER_NUMBER_OBJECT_CONVERSION = YES_AGGRESSIVE;
				CLANG_CXX_LANGUAGE_STANDARD = "gnu++14";
				CLANG_CXX_LIBRARY = "libc++";
				CLANG_ENABLE_MODULES = YES;
				CLANG_ENABLE_OBJC_ARC = YES;
				CLANG_ENABLE_OBJC_WEAK = YES;
				CLANG_WARN_BLOCK_CAPTURE_AUTORELEASING = YES;
				CLANG_WARN_BOOL_CONVERSION = YES;
				CLANG_WARN_COMMA = YES;
				CLANG_WARN_CONSTANT_CONVERSION = YES;
				CLANG_WARN_DEPRECATED_OBJC_IMPLEMENTATIONS = YES;
				CLANG_WARN_DIRECT_OBJC_ISA_USAGE = YES_ERROR;
				CLANG_WARN_DOCUMENTATION_COMMENTS = YES;
				CLANG_WARN_EMPTY_BODY = YES;
				CLANG_WARN_ENUM_CONVERSION = YES;
				CLANG_WARN_INFINITE_RECURSION = YES;
				CLANG_WARN_INT_CONVERSION = YES;
				CLANG_WARN_NON_LITERAL_NULL_CONVERSION = YES;
				CLANG_WARN_OBJC_IMPLICIT_RETAIN_SELF = YES;
				CLANG_WARN_OBJC_LITERAL_CONVERSION = YES;
				CLANG_WARN_OBJC_ROOT_CLASS = YES_ERROR;
				CLANG_WARN_RANGE_LOOP_ANALYSIS = YES;
				CLANG_WARN_STRICT_PROTOTYPES = YES;
				CLANG_WARN_SUSPICIOUS_MOVE = YES;
				CLANG_WARN_UNGUARDED_AVAILABILITY = YES_AGGRESSIVE;
				CLANG_WARN_UNREACHABLE_CODE = YES;
				CLANG_WARN__DUPLICATE_METHOD_MATCH = YES;
				COPY_PHASE_STRIP = NO;
				DEBUG_INFORMATION_FORMAT = dwarf;
				ENABLE_STRICT_OBJC_MSGSEND = YES;
				ENABLE_TESTABILITY = YES;
				GCC_C_LANGUAGE_STANDARD = gnu11;
				GCC_DYNAMIC_NO_PIC = NO;
				GCC_NO_COMMON_BLOCKS = YES;
				GCC_OPTIMIZATION_LEVEL = 0;
				GCC_PREPROCESSOR_DEFINITIONS = (
					"DEBUG=1",
					"$(inherited)",
				);
				GCC_WARN_64_TO_32_BIT_CONVERSION = YES;
				GCC_WARN_ABOUT_RETURN_TYPE = YES_ERROR;
				GCC_WARN_UNDECLARED_SELECTOR = YES;
				GCC_WARN_UNINITIALIZED_AUTOS = YES_AGGRESSIVE;
				GCC_WARN_UNUSED_FUNCTION = YES;
				GCC_WARN_UNUSED_VARIABLE = YES;
				IPHONEOS_DEPLOYMENT_TARGET = 13.2;
				MTL_ENABLE_DEBUG_INFO = INCLUDE_SOURCE;
				MTL_FAST_MATH = YES;
				ONLY_ACTIVE_ARCH = YES;
				SDKROOT = iphoneos;
				SWIFT_ACTIVE_COMPILATION_CONDITIONS = DEBUG;
				SWIFT_OPTIMIZATION_LEVEL = "-Onone";
			};
			name = Debug;
		};
		5544D9972416DBEF004EC0BE /* Release */ = {
			isa = XCBuildConfiguration;
			buildSettings = {
				ALWAYS_SEARCH_USER_PATHS = NO;
				CLANG_ANALYZER_NONNULL = YES;
				CLANG_ANALYZER_NUMBER_OBJECT_CONVERSION = YES_AGGRESSIVE;
				CLANG_CXX_LANGUAGE_STANDARD = "gnu++14";
				CLANG_CXX_LIBRARY = "libc++";
				CLANG_ENABLE_MODULES = YES;
				CLANG_ENABLE_OBJC_ARC = YES;
				CLANG_ENABLE_OBJC_WEAK = YES;
				CLANG_WARN_BLOCK_CAPTURE_AUTORELEASING = YES;
				CLANG_WARN_BOOL_CONVERSION = YES;
				CLANG_WARN_COMMA = YES;
				CLANG_WARN_CONSTANT_CONVERSION = YES;
				CLANG_WARN_DEPRECATED_OBJC_IMPLEMENTATIONS = YES;
				CLANG_WARN_DIRECT_OBJC_ISA_USAGE = YES_ERROR;
				CLANG_WARN_DOCUMENTATION_COMMENTS = YES;
				CLANG_WARN_EMPTY_BODY = YES;
				CLANG_WARN_ENUM_CONVERSION = YES;
				CLANG_WARN_INFINITE_RECURSION = YES;
				CLANG_WARN_INT_CONVERSION = YES;
				CLANG_WARN_NON_LITERAL_NULL_CONVERSION = YES;
				CLANG_WARN_OBJC_IMPLICIT_RETAIN_SELF = YES;
				CLANG_WARN_OBJC_LITERAL_CONVERSION = YES;
				CLANG_WARN_OBJC_ROOT_CLASS = YES_ERROR;
				CLANG_WARN_RANGE_LOOP_ANALYSIS = YES;
				CLANG_WARN_STRICT_PROTOTYPES = YES;
				CLANG_WARN_SUSPICIOUS_MOVE = YES;
				CLANG_WARN_UNGUARDED_AVAILABILITY = YES_AGGRESSIVE;
				CLANG_WARN_UNREACHABLE_CODE = YES;
				CLANG_WARN__DUPLICATE_METHOD_MATCH = YES;
				COPY_PHASE_STRIP = NO;
				DEBUG_INFORMATION_FORMAT = "dwarf-with-dsym";
				ENABLE_NS_ASSERTIONS = NO;
				ENABLE_STRICT_OBJC_MSGSEND = YES;
				GCC_C_LANGUAGE_STANDARD = gnu11;
				GCC_NO_COMMON_BLOCKS = YES;
				GCC_WARN_64_TO_32_BIT_CONVERSION = YES;
				GCC_WARN_ABOUT_RETURN_TYPE = YES_ERROR;
				GCC_WARN_UNDECLARED_SELECTOR = YES;
				GCC_WARN_UNINITIALIZED_AUTOS = YES_AGGRESSIVE;
				GCC_WARN_UNUSED_FUNCTION = YES;
				GCC_WARN_UNUSED_VARIABLE = YES;
				IPHONEOS_DEPLOYMENT_TARGET = 13.2;
				MTL_ENABLE_DEBUG_INFO = NO;
				MTL_FAST_MATH = YES;
				SDKROOT = iphoneos;
				SWIFT_COMPILATION_MODE = wholemodule;
				SWIFT_OPTIMIZATION_LEVEL = "-O";
				VALIDATE_PRODUCT = YES;
			};
			name = Release;
		};
		5544D9992416DBEF004EC0BE /* Debug */ = {
			isa = XCBuildConfiguration;
			buildSettings = {
				ASSETCATALOG_COMPILER_APPICON_NAME = AppIcon;
				CODE_SIGN_STYLE = Automatic;
				INFOPLIST_FILE = Albums/Info.plist;
				LD_RUNPATH_SEARCH_PATHS = (
					"$(inherited)",
					"@executable_path/Frameworks",
				);
				PRODUCT_BUNDLE_IDENTIFIER = com.example.Albums;
				PRODUCT_NAME = "$(TARGET_NAME)";
				SWIFT_VERSION = 5.0;
				TARGETED_DEVICE_FAMILY = "1,2";
			};
			name = Debug;
		};
		5544D99A2416DBEF004EC0BE /* Release */ = {
			isa = XCBuildConfiguration;
			buildSettings = {
				ASSETCATALOG_COMPILER_APPICON_NAME = AppIcon;
				CODE_SIGN_STYLE = Automatic;
				INFOPLIST_FILE = Albums/Info.plist;
				LD_RUNPATH_SEARCH_PATHS = (
					"$(inherited)",
					"@executable_path/Frameworks",
				);
				PRODUCT_BUNDLE_IDENTIFIER = com.example.Albums;
				PRODUCT_NAME = "$(TARGET_NAME)";
				SWIFT_VERSION = 5.0;
				TARGETED_DEVICE_FAMILY = "1,2";
			};
			name = Release;
		};
/* End XCBuildConfiguration section */

/* Begin XCConfigurationList section */
		5544D97F2416DBE4004EC0BE /* Build configuration list for PBXProject "Albums" */ = {
			isa = XCConfigurationList;
			buildConfigurations = (
				5544D9962416DBEF004EC0BE /* Debug */,
				5544D9972416DBEF004EC0BE /* Release */,
			);
			defaultConfigurationIsVisible = 0;
			defaultConfigurationName = Release;
		};
		5544D9982416DBEF004EC0BE /* Build configuration list for PBXNativeTarget "Albums" */ = {
			isa = XCConfigurationList;
			buildConfigurations = (
				5544D9992416DBEF004EC0BE /* Debug */,
				5544D99A2416DBEF004EC0BE /* Release */,
			);
			defaultConfigurationIsVisible = 0;
			defaultConfigurationName = Release;
		};
/* End XCConfigurationList section */
	};
	rootObject = 5544D97C2416DBE4004EC0BE /* Project object */;
}
